
Microsoft Visual Studio Solution File, Format Version 12.00
# Visual Studio Version 17
VisualStudioVersion = 17.14.36414.22 d17.14
MinimumVisualStudioVersion = 10.0.40219.1
Project("{FAE04EC0-301F-11D3-BF4B-00C04F79EFBC}") = "Struct19", "Struct19\Struct19.csproj", "{3A9D117E-BF72-4F81-B972-104DD13F992B}"
EndProject
Global
	GlobalSection(SolutionConfigurationPlatforms) = preSolution
		Debug|Any CPU = Debug|Any CPU
		Release|Any CPU = Release|Any CPU
	EndGlobalSection
	GlobalSection(ProjectConfigurationPlatforms) = postSolution
		{3A9D117E-BF72-4F81-B972-104DD13F992B}.Debug|Any CPU.ActiveCfg = Debug|Any CPU
		{3A9D117E-BF72-4F81-B972-104DD13F992B}.Debug|Any CPU.Build.0 = Debug|Any CPU
		{3A9D117E-BF72-4F81-B972-104DD13F992B}.Release|Any CPU.ActiveCfg = Release|Any CPU
		{3A9D117E-BF72-4F81-B972-104DD13F992B}.Release|Any CPU.Build.0 = Release|Any CPU
	EndGlobalSection
	GlobalSection(SolutionProperties) = preSolution
		HideSolutionNode = FALSE
	EndGlobalSection
	GlobalSection(ExtensibilityGlobals) = postSolution
		SolutionGuid = {EEF05CAB-27C0-4CD7-BC1F-BDC2E32873C5}
	EndGlobalSection
EndGlobal
