
Microsoft Visual Studio Solution File, Format Version 12.00
# Visual Studio Version 17
VisualStudioVersion = 17.14.36414.22 d17.14
MinimumVisualStudioVersion = 10.0.40219.1
Project("{FAE04EC0-301F-11D3-BF4B-00C04F79EFBC}") = "Struct11", "Struct11\Struct11.csproj", "{EE72D423-76AB-4B8F-AA30-1864FE4A415B}"
EndProject
Global
	GlobalSection(SolutionConfigurationPlatforms) = preSolution
		Debug|Any CPU = Debug|Any CPU
		Release|Any CPU = Release|Any CPU
	EndGlobalSection
	GlobalSection(ProjectConfigurationPlatforms) = postSolution
		{EE72D423-76AB-4B8F-AA30-1864FE4A415B}.Debug|Any CPU.ActiveCfg = Debug|Any CPU
		{EE72D423-76AB-4B8F-AA30-1864FE4A415B}.Debug|Any CPU.Build.0 = Debug|Any CPU
		{EE72D423-76AB-4B8F-AA30-1864FE4A415B}.Release|Any CPU.ActiveCfg = Release|Any CPU
		{EE72D423-76AB-4B8F-AA30-1864FE4A415B}.Release|Any CPU.Build.0 = Release|Any CPU
	EndGlobalSection
	GlobalSection(SolutionProperties) = preSolution
		HideSolutionNode = FALSE
	EndGlobalSection
	GlobalSection(ExtensibilityGlobals) = postSolution
		SolutionGuid = {DBBC6C15-2B4A-496F-9E27-507FDEEAC282}
	EndGlobalSection
EndGlobal
