
Microsoft Visual Studio Solution File, Format Version 12.00
# Visual Studio Version 17
VisualStudioVersion = 17.14.36414.22 d17.14
MinimumVisualStudioVersion = 10.0.40219.1
Project("{FAE04EC0-301F-11D3-BF4B-00C04F79EFBC}") = "Struct10", "Struct10\Struct10.csproj", "{9212EA31-5B2C-4CD1-B0D0-C70008E81133}"
EndProject
Global
	GlobalSection(SolutionConfigurationPlatforms) = preSolution
		Debug|Any CPU = Debug|Any CPU
		Release|Any CPU = Release|Any CPU
	EndGlobalSection
	GlobalSection(ProjectConfigurationPlatforms) = postSolution
		{9212EA31-5B2C-4CD1-B0D0-C70008E81133}.Debug|Any CPU.ActiveCfg = Debug|Any CPU
		{9212EA31-5B2C-4CD1-B0D0-C70008E81133}.Debug|Any CPU.Build.0 = Debug|Any CPU
		{9212EA31-5B2C-4CD1-B0D0-C70008E81133}.Release|Any CPU.ActiveCfg = Release|Any CPU
		{9212EA31-5B2C-4CD1-B0D0-C70008E81133}.Release|Any CPU.Build.0 = Release|Any CPU
	EndGlobalSection
	GlobalSection(SolutionProperties) = preSolution
		HideSolutionNode = FALSE
	EndGlobalSection
	GlobalSection(ExtensibilityGlobals) = postSolution
		SolutionGuid = {0F7A8339-B22D-40B7-BA0F-3B7A2A649C61}
	EndGlobalSection
EndGlobal
