
Microsoft Visual Studio Solution File, Format Version 12.00
# Visual Studio Version 17
VisualStudioVersion = 17.14.36414.22 d17.14
MinimumVisualStudioVersion = 10.0.40219.1
Project("{FAE04EC0-301F-11D3-BF4B-00C04F79EFBC}") = "Struct14", "Struct14\Struct14.csproj", "{7FF36C62-A02A-49E3-B42F-A8CD8CCAC247}"
EndProject
Global
	GlobalSection(SolutionConfigurationPlatforms) = preSolution
		Debug|Any CPU = Debug|Any CPU
		Release|Any CPU = Release|Any CPU
	EndGlobalSection
	GlobalSection(ProjectConfigurationPlatforms) = postSolution
		{7FF36C62-A02A-49E3-B42F-A8CD8CCAC247}.Debug|Any CPU.ActiveCfg = Debug|Any CPU
		{7FF36C62-A02A-49E3-B42F-A8CD8CCAC247}.Debug|Any CPU.Build.0 = Debug|Any CPU
		{7FF36C62-A02A-49E3-B42F-A8CD8CCAC247}.Release|Any CPU.ActiveCfg = Release|Any CPU
		{7FF36C62-A02A-49E3-B42F-A8CD8CCAC247}.Release|Any CPU.Build.0 = Release|Any CPU
	EndGlobalSection
	GlobalSection(SolutionProperties) = preSolution
		HideSolutionNode = FALSE
	EndGlobalSection
	GlobalSection(ExtensibilityGlobals) = postSolution
		SolutionGuid = {F195CAE4-6296-41E5-A597-16D764AE768F}
	EndGlobalSection
EndGlobal
