
Microsoft Visual Studio Solution File, Format Version 12.00
# Visual Studio Version 17
VisualStudioVersion = 17.14.36414.22 d17.14
MinimumVisualStudioVersion = 10.0.40219.1
Project("{FAE04EC0-301F-11D3-BF4B-00C04F79EFBC}") = "Struct26", "Struct26\Struct26.csproj", "{1EF37D9B-AC0F-4966-BE5B-F222A3603CEE}"
EndProject
Global
	GlobalSection(SolutionConfigurationPlatforms) = preSolution
		Debug|Any CPU = Debug|Any CPU
		Release|Any CPU = Release|Any CPU
	EndGlobalSection
	GlobalSection(ProjectConfigurationPlatforms) = postSolution
		{1EF37D9B-AC0F-4966-BE5B-F222A3603CEE}.Debug|Any CPU.ActiveCfg = Debug|Any CPU
		{1EF37D9B-AC0F-4966-BE5B-F222A3603CEE}.Debug|Any CPU.Build.0 = Debug|Any CPU
		{1EF37D9B-AC0F-4966-BE5B-F222A3603CEE}.Release|Any CPU.ActiveCfg = Release|Any CPU
		{1EF37D9B-AC0F-4966-BE5B-F222A3603CEE}.Release|Any CPU.Build.0 = Release|Any CPU
	EndGlobalSection
	GlobalSection(SolutionProperties) = preSolution
		HideSolutionNode = FALSE
	EndGlobalSection
	GlobalSection(ExtensibilityGlobals) = postSolution
		SolutionGuid = {76137B30-689A-4C80-89F1-15D7302FED62}
	EndGlobalSection
EndGlobal
